<?xml version="1.0" encoding="utf-8"?>
<Project ToolsVersion="4.0" xmlns="http://schemas.microsoft.com/developer/msbuild/2003">
  <ItemGroup>
    <Filter Include="Frostic">
      <UniqueIdentifier>{BFFC3122-2BDC-B0BD-34F4-3B94A052171F}</UniqueIdentifier>
    </Filter>
    <Filter Include="Frostic\Events">
      <UniqueIdentifier>{C3FB317F-AFC9-2585-985D-96AB84CA01EA}</UniqueIdentifier>
    </Filter>
    <Filter Include="Frostic\ImGui">
      <UniqueIdentifier>{29C57A78-9585-F6AE-5EC0-3F2CCA3F3B8B}</UniqueIdentifier>
    </Filter>
    <Filter Include="Platform">
      <UniqueIdentifier>{2AC788B4-1694-E3BF-3FAD-D1672BD9184E}</UniqueIdentifier>
    </Filter>
    <Filter Include="Platform\OpenGL">
      <UniqueIdentifier>{1E7D2C1D-8A08-9AE1-9319-1DD6FF23F6E1}</UniqueIdentifier>
    </Filter>
    <Filter Include="Platform\Windows">
      <UniqueIdentifier>{64FBD71A-50F4-F66C-7926-DCF1657ED678}</UniqueIdentifier>
    </Filter>
  </ItemGroup>
  <ItemGroup>
    <ClInclude Include="src\Frostic.h" />
    <ClInclude Include="src\Frostic\Application.h">
      <Filter>Frostic</Filter>
    </ClInclude>
    <ClInclude Include="src\Frostic\Core.h">
      <Filter>Frostic</Filter>
    </ClInclude>
    <ClInclude Include="src\Frostic\EntryPoint.h">
      <Filter>Frostic</Filter>
    </ClInclude>
    <ClInclude Include="src\Frostic\Events\ApplicationEvent.h">
      <Filter>Frostic\Events</Filter>
    </ClInclude>
    <ClInclude Include="src\Frostic\Events\Event.h">
      <Filter>Frostic\Events</Filter>
    </ClInclude>
    <ClInclude Include="src\Frostic\Events\KeyEvent.h">
      <Filter>Frostic\Events</Filter>
    </ClInclude>
    <ClInclude Include="src\Frostic\Events\MouseEvent.h">
      <Filter>Frostic\Events</Filter>
    </ClInclude>
    <ClInclude Include="src\Frostic\ImGui\ImGuiLayer.h">
      <Filter>Frostic\ImGui</Filter>
    </ClInclude>
    <ClInclude Include="src\Frostic\Layer.h">
      <Filter>Frostic</Filter>
    </ClInclude>
    <ClInclude Include="src\Frostic\LayerStack.h">
      <Filter>Frostic</Filter>
    </ClInclude>
    <ClInclude Include="src\Frostic\Log.h">
      <Filter>Frostic</Filter>
    </ClInclude>
    <ClInclude Include="src\Frostic\Window.h">
      <Filter>Frostic</Filter>
    </ClInclude>
    <ClInclude Include="src\Platform\OpenGL\ImGuiOpenGLRenderer.h">
      <Filter>Platform\OpenGL</Filter>
    </ClInclude>
    <ClInclude Include="src\Platform\Windows\WindowsWindow.h">
      <Filter>Platform\Windows</Filter>
    </ClInclude>
    <ClInclude Include="src\frpch.h" />
    <ClInclude Include="src\Frostic\Input.h" />
    <ClInclude Include="src\Platform\Windows\WindowsInput.h" />
    <ClInclude Include="src\Frostic\KeyCodes.h" />
    <ClInclude Include="src\Frostic\MouseButtonCodes.h" />
  </ItemGroup>
  <ItemGroup>
    <ClCompile Include="src\Frostic\Application.cpp">
      <Filter>Frostic</Filter>
    </ClCompile>
    <ClCompile Include="src\Frostic\ImGui\ImGuiLayer.cpp">
      <Filter>Frostic\ImGui</Filter>
    </ClCompile>
    <ClCompile Include="src\Frostic\Layer.cpp">
      <Filter>Frostic</Filter>
    </ClCompile>
    <ClCompile Include="src\Frostic\LayerStack.cpp">
      <Filter>Frostic</Filter>
    </ClCompile>
    <ClCompile Include="src\Frostic\Log.cpp">
      <Filter>Frostic</Filter>
    </ClCompile>
    <ClCompile Include="src\Platform\OpenGL\ImGuiOpenGLRenderer.cpp">
      <Filter>Platform\OpenGL</Filter>
    </ClCompile>
    <ClCompile Include="src\Platform\Windows\WindowsWindow.cpp">
      <Filter>Platform\Windows</Filter>
    </ClCompile>
    <ClCompile Include="src\frpch.cpp" />
    <ClCompile Include="src\Platform\Windows\WindowsInput.cpp" />
  </ItemGroup>
</Project>